
Microsoft Visual Studio Solution File, Format Version 12.00
# Visual Studio Version 17
VisualStudioVersion = 17.11.35219.272
MinimumVisualStudioVersion = 10.0.40219.1
Project("{FAE04EC0-301F-11D3-BF4B-00C04F79EFBC}") = "EmployeeManagementSystem", "EmployeeManagementSystem\EmployeeManagementSystem.csproj", "{B171DC55-0B41-4C4E-9504-AF08DE553790}"
EndProject
Global
	GlobalSection(SolutionConfigurationPlatforms) = preSolution
		Debug|Any CPU = Debug|Any CPU
		Release|Any CPU = Release|Any CPU
	EndGlobalSection
	GlobalSection(ProjectConfigurationPlatforms) = postSolution
		{B171DC55-0B41-4C4E-9504-AF08DE553790}.Debug|Any CPU.ActiveCfg = Debug|Any CPU
		{B171DC55-0B41-4C4E-9504-AF08DE553790}.Debug|Any CPU.Build.0 = Debug|Any CPU
		{B171DC55-0B41-4C4E-9504-AF08DE553790}.Release|Any CPU.ActiveCfg = Release|Any CPU
		{B171DC55-0B41-4C4E-9504-AF08DE553790}.Release|Any CPU.Build.0 = Release|Any CPU
	EndGlobalSection
	GlobalSection(SolutionProperties) = preSolution
		HideSolutionNode = FALSE
	EndGlobalSection
	GlobalSection(ExtensibilityGlobals) = postSolution
		SolutionGuid = {97F3B1EC-6905-4950-8A64-6BDD6FD3A93C}
	EndGlobalSection
EndGlobal
